github.com/wyatt915/treeblood v0.1.15 h1:3KZ3o2LpcKZAzOLqMoW9qeUzKEaKArKpbcPpTkNfQC8=
github.com/wyatt915/treeblood v0.1.15/go.mod h1:i7+yhhmzdDP17/97pIsOSffw74EK/xk+qJ0029cSXUY=
github.com/wyatt915/treeblood v0.1.16 h1:byxNbWZhnPDxdTp7W5kQhCeaY8RBVmojTFz1tEHgg8Y=
github.com/wyatt915/treeblood v0.1.16/go.mod h1:i7+yhhmzdDP17/97pIsOSffw74EK/xk+qJ0029cSXUY=
github.com/yuin/goldmark v1.7.12 h1:YwGP/rrea2/CnCtUHgjuolG/PnMxdQtPMO5PvaE2/nY=
github.com/yuin/goldmark v1.7.12/go.mod h1:ip/1k0VRfGynBgxOz0yCqHrbZXhcjxyuS66Brc7iBKg=
